
Microsoft Visual Studio Solution File, Format Version 12.00
# Visual Studio Version 16
VisualStudioVersion = 16.0.31702.278
MinimumVisualStudioVersion = 10.0.40219.1
Project("{FAE04EC0-301F-11D3-BF4B-00C04F79EFBC}") = "Classwork 18_02_2022", "Classwork 18_02_2022.csproj", "{7EA5B179-EB56-4166-9992-6B5A415C08D3}"
EndProject
Global
	GlobalSection(SolutionConfigurationPlatforms) = preSolution
		Debug|Any CPU = Debug|Any CPU
		Release|Any CPU = Release|Any CPU
	EndGlobalSection
	GlobalSection(ProjectConfigurationPlatforms) = postSolution
		{7EA5B179-EB56-4166-9992-6B5A415C08D3}.Debug|Any CPU.ActiveCfg = Debug|Any CPU
		{7EA5B179-EB56-4166-9992-6B5A415C08D3}.Debug|Any CPU.Build.0 = Debug|Any CPU
		{7EA5B179-EB56-4166-9992-6B5A415C08D3}.Release|Any CPU.ActiveCfg = Release|Any CPU
		{7EA5B179-EB56-4166-9992-6B5A415C08D3}.Release|Any CPU.Build.0 = Release|Any CPU
	EndGlobalSection
	GlobalSection(SolutionProperties) = preSolution
		HideSolutionNode = FALSE
	EndGlobalSection
	GlobalSection(ExtensibilityGlobals) = postSolution
		SolutionGuid = {3786B871-80A8-476C-A431-4543E1BF7C87}
	EndGlobalSection
EndGlobal
